
Microsoft Visual Studio Solution File, Format Version 12.00
# Visual Studio Version 17
VisualStudioVersion = 17.14.36414.22
MinimumVisualStudioVersion = 10.0.40219.1
Project("{FAE04EC0-301F-11D3-BF4B-00C04F79EFBC}") = "08_EcritureEtLectureFichier", "08_EcritureEtLectureFichier\08_EcritureEtLectureFichier.csproj", "{1D5EDB1A-6C9A-0F92-C50E-72EFB1D53C09}"
EndProject
Project("{FAE04EC0-301F-11D3-BF4B-00C04F79EFBC}") = "06_Heritage", "06_Heritage\06_Heritage.csproj", "{D9ABD5B3-8528-9C72-097D-0F6286919AEB}"
EndProject
Project("{FAE04EC0-301F-11D3-BF4B-00C04F79EFBC}") = "05_Encapsulation(etProprietes)", "05_Encapsulation\05_Encapsulation(etProprietes).csproj", "{3592EA1D-8365-B57B-CC34-5986AD68BC96}"
EndProject
Project("{FAE04EC0-301F-11D3-BF4B-00C04F79EFBC}") = "04_Constructeur", "04_Constructeur\04_Constructeur.csproj", "{F86B667C-1DB6-3C17-DA92-03EA422FE142}"
EndProject
Project("{FAE04EC0-301F-11D3-BF4B-00C04F79EFBC}") = "03_Objet(etAttribut)", "03_Objet(etAttribut)\03_Objet(etAttribut).csproj", "{A676C84D-A135-E8CE-4FB9-6E11A75EB9DB}"
EndProject
Project("{FAE04EC0-301F-11D3-BF4B-00C04F79EFBC}") = "02_Methode", "02_Methode\02_Methode.csproj", "{E6F2CDC2-3221-2382-EBAD-C93A164F3CF3}"
EndProject
Project("{FAE04EC0-301F-11D3-BF4B-00C04F79EFBC}") = "01_Classe", "01_Classe\01_Classe.csproj", "{7ACA1E2A-9238-9ACF-4641-ED2AE5F55607}"
EndProject
Project("{FAE04EC0-301F-11D3-BF4B-00C04F79EFBC}") = "07_Polymorphisme", "07_Polymorphisme\07_Polymorphisme.csproj", "{5F8B85BD-032A-4CF3-9FC1-E4731E0D9F8D}"
EndProject
Global
	GlobalSection(SolutionConfigurationPlatforms) = preSolution
		Debug|Any CPU = Debug|Any CPU
		Release|Any CPU = Release|Any CPU
	EndGlobalSection
	GlobalSection(ProjectConfigurationPlatforms) = postSolution
		{1D5EDB1A-6C9A-0F92-C50E-72EFB1D53C09}.Debug|Any CPU.ActiveCfg = Debug|Any CPU
		{1D5EDB1A-6C9A-0F92-C50E-72EFB1D53C09}.Debug|Any CPU.Build.0 = Debug|Any CPU
		{1D5EDB1A-6C9A-0F92-C50E-72EFB1D53C09}.Release|Any CPU.ActiveCfg = Release|Any CPU
		{1D5EDB1A-6C9A-0F92-C50E-72EFB1D53C09}.Release|Any CPU.Build.0 = Release|Any CPU
		{D9ABD5B3-8528-9C72-097D-0F6286919AEB}.Debug|Any CPU.ActiveCfg = Debug|Any CPU
		{D9ABD5B3-8528-9C72-097D-0F6286919AEB}.Debug|Any CPU.Build.0 = Debug|Any CPU
		{D9ABD5B3-8528-9C72-097D-0F6286919AEB}.Release|Any CPU.ActiveCfg = Release|Any CPU
		{D9ABD5B3-8528-9C72-097D-0F6286919AEB}.Release|Any CPU.Build.0 = Release|Any CPU
		{3592EA1D-8365-B57B-CC34-5986AD68BC96}.Debug|Any CPU.ActiveCfg = Debug|Any CPU
		{3592EA1D-8365-B57B-CC34-5986AD68BC96}.Debug|Any CPU.Build.0 = Debug|Any CPU
		{3592EA1D-8365-B57B-CC34-5986AD68BC96}.Release|Any CPU.ActiveCfg = Release|Any CPU
		{3592EA1D-8365-B57B-CC34-5986AD68BC96}.Release|Any CPU.Build.0 = Release|Any CPU
		{F86B667C-1DB6-3C17-DA92-03EA422FE142}.Debug|Any CPU.ActiveCfg = Debug|Any CPU
		{F86B667C-1DB6-3C17-DA92-03EA422FE142}.Debug|Any CPU.Build.0 = Debug|Any CPU
		{F86B667C-1DB6-3C17-DA92-03EA422FE142}.Release|Any CPU.ActiveCfg = Release|Any CPU
		{F86B667C-1DB6-3C17-DA92-03EA422FE142}.Release|Any CPU.Build.0 = Release|Any CPU
		{A676C84D-A135-E8CE-4FB9-6E11A75EB9DB}.Debug|Any CPU.ActiveCfg = Debug|Any CPU
		{A676C84D-A135-E8CE-4FB9-6E11A75EB9DB}.Debug|Any CPU.Build.0 = Debug|Any CPU
		{A676C84D-A135-E8CE-4FB9-6E11A75EB9DB}.Release|Any CPU.ActiveCfg = Release|Any CPU
		{A676C84D-A135-E8CE-4FB9-6E11A75EB9DB}.Release|Any CPU.Build.0 = Release|Any CPU
		{E6F2CDC2-3221-2382-EBAD-C93A164F3CF3}.Debug|Any CPU.ActiveCfg = Debug|Any CPU
		{E6F2CDC2-3221-2382-EBAD-C93A164F3CF3}.Debug|Any CPU.Build.0 = Debug|Any CPU
		{E6F2CDC2-3221-2382-EBAD-C93A164F3CF3}.Release|Any CPU.ActiveCfg = Release|Any CPU
		{E6F2CDC2-3221-2382-EBAD-C93A164F3CF3}.Release|Any CPU.Build.0 = Release|Any CPU
		{7ACA1E2A-9238-9ACF-4641-ED2AE5F55607}.Debug|Any CPU.ActiveCfg = Debug|Any CPU
		{7ACA1E2A-9238-9ACF-4641-ED2AE5F55607}.Debug|Any CPU.Build.0 = Debug|Any CPU
		{7ACA1E2A-9238-9ACF-4641-ED2AE5F55607}.Release|Any CPU.ActiveCfg = Release|Any CPU
		{7ACA1E2A-9238-9ACF-4641-ED2AE5F55607}.Release|Any CPU.Build.0 = Release|Any CPU
		{5F8B85BD-032A-4CF3-9FC1-E4731E0D9F8D}.Debug|Any CPU.ActiveCfg = Debug|Any CPU
		{5F8B85BD-032A-4CF3-9FC1-E4731E0D9F8D}.Debug|Any CPU.Build.0 = Debug|Any CPU
		{5F8B85BD-032A-4CF3-9FC1-E4731E0D9F8D}.Release|Any CPU.ActiveCfg = Release|Any CPU
		{5F8B85BD-032A-4CF3-9FC1-E4731E0D9F8D}.Release|Any CPU.Build.0 = Release|Any CPU
	EndGlobalSection
	GlobalSection(SolutionProperties) = preSolution
		HideSolutionNode = FALSE
	EndGlobalSection
	GlobalSection(ExtensibilityGlobals) = postSolution
		SolutionGuid = {81598AB6-3641-4C25-AD08-E207A39ABC48}
	EndGlobalSection
EndGlobal
